
Microsoft Visual Studio Solution File, Format Version 12.00
# Visual Studio Version 16
VisualStudioVersion = 16.0.30225.117
MinimumVisualStudioVersion = 10.0.40219.1
Project("{FAE04EC0-301F-11D3-BF4B-00C04F79EFBC}") = "LightEditor", "LightEditor\LightEditor.csproj", "{AA0D4DDD-F307-47A1-8D40-BB0CCEA2EC05}"
EndProject
Project("{FAE04EC0-301F-11D3-BF4B-00C04F79EFBC}") = "LightController", "LightController\LightController.csproj", "{64A7CFF8-9CB8-4046-9D4D-46BB529AB24C}"
EndProject
Project("{FAE04EC0-301F-11D3-BF4B-00C04F79EFBC}") = "MultiLedController", "MultiLedController\MultiLedController.csproj", "{06E9C9CD-7EE3-4826-B44E-614BADD383F0}"
EndProject
Project("{FAE04EC0-301F-11D3-BF4B-00C04F79EFBC}") = "LightDog", "LightDog\LightDog.csproj", "{63851A53-CB3A-4822-8BE9-939282F4B9FC}"
EndProject
Global
	GlobalSection(SolutionConfigurationPlatforms) = preSolution
		Debug|Any CPU = Debug|Any CPU
		Debug|x86 = Debug|x86
		Release|Any CPU = Release|Any CPU
		Release|x86 = Release|x86
	EndGlobalSection
	GlobalSection(ProjectConfigurationPlatforms) = postSolution
		{AA0D4DDD-F307-47A1-8D40-BB0CCEA2EC05}.Debug|Any CPU.ActiveCfg = Debug|Any CPU
		{AA0D4DDD-F307-47A1-8D40-BB0CCEA2EC05}.Debug|Any CPU.Build.0 = Debug|Any CPU
		{AA0D4DDD-F307-47A1-8D40-BB0CCEA2EC05}.Debug|x86.ActiveCfg = Debug|Any CPU
		{AA0D4DDD-F307-47A1-8D40-BB0CCEA2EC05}.Debug|x86.Build.0 = Debug|Any CPU
		{AA0D4DDD-F307-47A1-8D40-BB0CCEA2EC05}.Release|Any CPU.ActiveCfg = Release|Any CPU
		{AA0D4DDD-F307-47A1-8D40-BB0CCEA2EC05}.Release|Any CPU.Build.0 = Release|Any CPU
		{AA0D4DDD-F307-47A1-8D40-BB0CCEA2EC05}.Release|x86.ActiveCfg = Release|Any CPU
		{AA0D4DDD-F307-47A1-8D40-BB0CCEA2EC05}.Release|x86.Build.0 = Release|Any CPU
		{64A7CFF8-9CB8-4046-9D4D-46BB529AB24C}.Debug|Any CPU.ActiveCfg = Debug|Any CPU
		{64A7CFF8-9CB8-4046-9D4D-46BB529AB24C}.Debug|Any CPU.Build.0 = Debug|Any CPU
		{64A7CFF8-9CB8-4046-9D4D-46BB529AB24C}.Debug|x86.ActiveCfg = Debug|Any CPU
		{64A7CFF8-9CB8-4046-9D4D-46BB529AB24C}.Debug|x86.Build.0 = Debug|Any CPU
		{64A7CFF8-9CB8-4046-9D4D-46BB529AB24C}.Release|Any CPU.ActiveCfg = Release|Any CPU
		{64A7CFF8-9CB8-4046-9D4D-46BB529AB24C}.Release|Any CPU.Build.0 = Release|Any CPU
		{64A7CFF8-9CB8-4046-9D4D-46BB529AB24C}.Release|x86.ActiveCfg = Release|Any CPU
		{64A7CFF8-9CB8-4046-9D4D-46BB529AB24C}.Release|x86.Build.0 = Release|Any CPU
		{06E9C9CD-7EE3-4826-B44E-614BADD383F0}.Debug|Any CPU.ActiveCfg = Debug|Any CPU
		{06E9C9CD-7EE3-4826-B44E-614BADD383F0}.Debug|Any CPU.Build.0 = Debug|Any CPU
		{06E9C9CD-7EE3-4826-B44E-614BADD383F0}.Debug|x86.ActiveCfg = Debug|Any CPU
		{06E9C9CD-7EE3-4826-B44E-614BADD383F0}.Debug|x86.Build.0 = Debug|Any CPU
		{06E9C9CD-7EE3-4826-B44E-614BADD383F0}.Release|Any CPU.ActiveCfg = Release|Any CPU
		{06E9C9CD-7EE3-4826-B44E-614BADD383F0}.Release|Any CPU.Build.0 = Release|Any CPU
		{06E9C9CD-7EE3-4826-B44E-614BADD383F0}.Release|x86.ActiveCfg = Release|Any CPU
		{06E9C9CD-7EE3-4826-B44E-614BADD383F0}.Release|x86.Build.0 = Release|Any CPU
		{63851A53-CB3A-4822-8BE9-939282F4B9FC}.Debug|Any CPU.ActiveCfg = Debug|Any CPU
		{63851A53-CB3A-4822-8BE9-939282F4B9FC}.Debug|Any CPU.Build.0 = Debug|Any CPU
		{63851A53-CB3A-4822-8BE9-939282F4B9FC}.Debug|x86.ActiveCfg = Debug|Any CPU
		{63851A53-CB3A-4822-8BE9-939282F4B9FC}.Debug|x86.Build.0 = Debug|Any CPU
		{63851A53-CB3A-4822-8BE9-939282F4B9FC}.Release|Any CPU.ActiveCfg = Release|Any CPU
		{63851A53-CB3A-4822-8BE9-939282F4B9FC}.Release|Any CPU.Build.0 = Release|Any CPU
		{63851A53-CB3A-4822-8BE9-939282F4B9FC}.Release|x86.ActiveCfg = Release|Any CPU
		{63851A53-CB3A-4822-8BE9-939282F4B9FC}.Release|x86.Build.0 = Release|Any CPU
	EndGlobalSection
	GlobalSection(SolutionProperties) = preSolution
		HideSolutionNode = FALSE
	EndGlobalSection
	GlobalSection(ExtensibilityGlobals) = postSolution
		SolutionGuid = {596810C9-8EDC-4678-854D-5496C51B6DE7}
	EndGlobalSection
EndGlobal
